
Microsoft Visual Studio Solution File, Format Version 12.00
# Visual Studio Version 16
VisualStudioVersion = 16.0.30413.136
MinimumVisualStudioVersion = 10.0.40219.1
Project("{FAE04EC0-301F-11D3-BF4B-00C04F79EFBC}") = "GroupAssignment", "GroupAssignment\GroupAssignment.csproj", "{9AEB6633-1142-435F-BBDE-EAFAAF33FEEE}"
EndProject
Global
	GlobalSection(SolutionConfigurationPlatforms) = preSolution
		Debug|Any CPU = Debug|Any CPU
		Release|Any CPU = Release|Any CPU
	EndGlobalSection
	GlobalSection(ProjectConfigurationPlatforms) = postSolution
		{9AEB6633-1142-435F-BBDE-EAFAAF33FEEE}.Debug|Any CPU.ActiveCfg = Debug|Any CPU
		{9AEB6633-1142-435F-BBDE-EAFAAF33FEEE}.Debug|Any CPU.Build.0 = Debug|Any CPU
		{9AEB6633-1142-435F-BBDE-EAFAAF33FEEE}.Release|Any CPU.ActiveCfg = Release|Any CPU
		{9AEB6633-1142-435F-BBDE-EAFAAF33FEEE}.Release|Any CPU.Build.0 = Release|Any CPU
	EndGlobalSection
	GlobalSection(SolutionProperties) = preSolution
		HideSolutionNode = FALSE
	EndGlobalSection
	GlobalSection(ExtensibilityGlobals) = postSolution
		SolutionGuid = {8ED755E4-B035-4C5F-9BB2-48A544C2A941}
	EndGlobalSection
EndGlobal
